
Microsoft Visual Studio Solution File, Format Version 12.00
# Visual Studio Version 16
VisualStudioVersion = 16.0.32002.261
MinimumVisualStudioVersion = 10.0.40219.1
Project("{FAE04EC0-301F-11D3-BF4B-00C04F79EFBC}") = "ITRoots", "ITRoots\ITRoots.csproj", "{9DF996DD-E3EC-41C8-88EB-DED0A002412B}"
EndProject
Global
	GlobalSection(SolutionConfigurationPlatforms) = preSolution
		Debug|Any CPU = Debug|Any CPU
		Release|Any CPU = Release|Any CPU
	EndGlobalSection
	GlobalSection(ProjectConfigurationPlatforms) = postSolution
		{9DF996DD-E3EC-41C8-88EB-DED0A002412B}.Debug|Any CPU.ActiveCfg = Debug|Any CPU
		{9DF996DD-E3EC-41C8-88EB-DED0A002412B}.Debug|Any CPU.Build.0 = Debug|Any CPU
		{9DF996DD-E3EC-41C8-88EB-DED0A002412B}.Release|Any CPU.ActiveCfg = Release|Any CPU
		{9DF996DD-E3EC-41C8-88EB-DED0A002412B}.Release|Any CPU.Build.0 = Release|Any CPU
	EndGlobalSection
	GlobalSection(SolutionProperties) = preSolution
		HideSolutionNode = FALSE
	EndGlobalSection
	GlobalSection(ExtensibilityGlobals) = postSolution
		SolutionGuid = {5176CADA-1C85-4EFB-A5E9-E7886A2988FF}
	EndGlobalSection
EndGlobal
